
Microsoft Visual Studio Solution File, Format Version 12.00
# Visual Studio Version 16
VisualStudioVersion = 16.0.31624.102
MinimumVisualStudioVersion = 10.0.40219.1
Project("{FAE04EC0-301F-11D3-BF4B-00C04F79EFBC}") = "Snake", "Snake\Snake.csproj", "{51AF034B-3050-488B-A8FD-3777B9BF0A50}"
EndProject
Global
	GlobalSection(SolutionConfigurationPlatforms) = preSolution
		Debug|Any CPU = Debug|Any CPU
		Release|Any CPU = Release|Any CPU
	EndGlobalSection
	GlobalSection(ProjectConfigurationPlatforms) = postSolution
		{51AF034B-3050-488B-A8FD-3777B9BF0A50}.Debug|Any CPU.ActiveCfg = Debug|Any CPU
		{51AF034B-3050-488B-A8FD-3777B9BF0A50}.Debug|Any CPU.Build.0 = Debug|Any CPU
		{51AF034B-3050-488B-A8FD-3777B9BF0A50}.Release|Any CPU.ActiveCfg = Release|Any CPU
		{51AF034B-3050-488B-A8FD-3777B9BF0A50}.Release|Any CPU.Build.0 = Release|Any CPU
	EndGlobalSection
	GlobalSection(SolutionProperties) = preSolution
		HideSolutionNode = FALSE
	EndGlobalSection
	GlobalSection(ExtensibilityGlobals) = postSolution
		SolutionGuid = {5741CB8D-6011-4063-8FE3-A283CD851D83}
	EndGlobalSection
EndGlobal
